{
    __meta__ = {
        version = "1.0"
    },
    ["windows|x64"] = {
        ["cmake#f56260b5"] = {
            version = "4.2.3"
        },
        ["directxmath#f56260b5"] = {
            version = "2024.02"
        },
        ["directxtk#f56260b5"] = {
            version = "24.2.0"
        },
        ["ninja#f56260b5"] = {
            version = "1.12.1"
        },
        ["rapidcsv#f56260b5"] = {
            version = "v8.90"
        },
        ["spdlog#09c8c173"] = {
            version = "v1.17.0"
        },
        ["toml11#f56260b5"] = {
            version = "v4.4.0"
        }
    }
}